
Microsoft Visual Studio Solution File, Format Version 12.00
# Visual Studio Version 17
VisualStudioVersion = 17.4.33205.214
MinimumVisualStudioVersion = 10.0.40219.1
Project("{2150E333-8FDC-42A3-9474-1A3956D46DE8}") = "Solution Items", "Solution Items", "{F9947909-6402-40CE-963A-FE4D6BF9F379}"
	ProjectSection(SolutionItems) = preProject
		.gitignore = .gitignore
		icon.ico = icon.ico
		icon.png = icon.png
		LICENSE = LICENSE
		..\luxafor-devices-controller\Reefact.DomainRequestBinder.nuspec = ..\luxafor-devices-controller\Reefact.DomainRequestBinder.nuspec
		README.md = README.md
	EndProjectSection
EndProject
Project("{D954291E-2A0B-460D-934E-DC6B0785DB48}") = "Reefact.DomainRequestBinder", "Reefact.DomainRequestBinder\Reefact.DomainRequestBinder.shproj", "{B37E0F4E-2EF3-41D0-BD50-205DEAEA92BC}"
EndProject
Project("{2150E333-8FDC-42A3-9474-1A3956D46DE8}") = "Sources", "Sources", "{0AB29D76-7622-4705-BB92-F4794B1D2948}"
EndProject
Project("{2150E333-8FDC-42A3-9474-1A3956D46DE8}") = "Tests", "Tests", "{724DEBC1-67C3-45D3-8B9B-1B0061BA55A6}"
EndProject
Project("{FAE04EC0-301F-11D3-BF4B-00C04F79EFBC}") = "Reefact.DomainRequestBinder.Net46", "Reefact.DomainRequestBinder.Net46\Reefact.DomainRequestBinder.Net46.csproj", "{15B9A689-0AAA-44F1-84A2-2040EFD6D4DA}"
EndProject
Project("{9A19103F-16F7-4668-BE54-9A1E7A4F7556}") = "Reefact.DomainRequestBinder.NetStandard20", "Reefact.DomainRequestBinder.NetStandard20\Reefact.DomainRequestBinder.NetStandard20.csproj", "{0252CA54-D310-43CB-AC6E-8EFFD82C9082}"
EndProject
Project("{D954291E-2A0B-460D-934E-DC6B0785DB48}") = "Reefact.DomainRequestBinder.UnitTests", "Reefact.DomainRequestBinder.UnitTests\Reefact.DomainRequestBinder.UnitTests.shproj", "{78D9A7A7-4AE7-4147-B6C4-ABD862CCFA64}"
EndProject
Project("{FAE04EC0-301F-11D3-BF4B-00C04F79EFBC}") = "Reefact.DomainRequestBinder.NetStandard20.UnitTests", "Reefact.DomainRequestBinder.NetStandard20.UnitTests\Reefact.DomainRequestBinder.NetStandard20.UnitTests.csproj", "{CEFEFB0A-846B-4150-A01A-84A08AB369BF}"
EndProject
Global
	GlobalSection(SolutionConfigurationPlatforms) = preSolution
		Debug|Any CPU = Debug|Any CPU
		Release|Any CPU = Release|Any CPU
	EndGlobalSection
	GlobalSection(ProjectConfigurationPlatforms) = postSolution
		{15B9A689-0AAA-44F1-84A2-2040EFD6D4DA}.Debug|Any CPU.ActiveCfg = Debug|Any CPU
		{15B9A689-0AAA-44F1-84A2-2040EFD6D4DA}.Debug|Any CPU.Build.0 = Debug|Any CPU
		{15B9A689-0AAA-44F1-84A2-2040EFD6D4DA}.Release|Any CPU.ActiveCfg = Release|Any CPU
		{15B9A689-0AAA-44F1-84A2-2040EFD6D4DA}.Release|Any CPU.Build.0 = Release|Any CPU
		{0252CA54-D310-43CB-AC6E-8EFFD82C9082}.Debug|Any CPU.ActiveCfg = Debug|Any CPU
		{0252CA54-D310-43CB-AC6E-8EFFD82C9082}.Debug|Any CPU.Build.0 = Debug|Any CPU
		{0252CA54-D310-43CB-AC6E-8EFFD82C9082}.Release|Any CPU.ActiveCfg = Release|Any CPU
		{0252CA54-D310-43CB-AC6E-8EFFD82C9082}.Release|Any CPU.Build.0 = Release|Any CPU
		{CEFEFB0A-846B-4150-A01A-84A08AB369BF}.Debug|Any CPU.ActiveCfg = Debug|Any CPU
		{CEFEFB0A-846B-4150-A01A-84A08AB369BF}.Debug|Any CPU.Build.0 = Debug|Any CPU
		{CEFEFB0A-846B-4150-A01A-84A08AB369BF}.Release|Any CPU.ActiveCfg = Release|Any CPU
		{CEFEFB0A-846B-4150-A01A-84A08AB369BF}.Release|Any CPU.Build.0 = Release|Any CPU
	EndGlobalSection
	GlobalSection(SolutionProperties) = preSolution
		HideSolutionNode = FALSE
	EndGlobalSection
	GlobalSection(NestedProjects) = preSolution
		{B37E0F4E-2EF3-41D0-BD50-205DEAEA92BC} = {0AB29D76-7622-4705-BB92-F4794B1D2948}
		{15B9A689-0AAA-44F1-84A2-2040EFD6D4DA} = {0AB29D76-7622-4705-BB92-F4794B1D2948}
		{0252CA54-D310-43CB-AC6E-8EFFD82C9082} = {0AB29D76-7622-4705-BB92-F4794B1D2948}
		{78D9A7A7-4AE7-4147-B6C4-ABD862CCFA64} = {724DEBC1-67C3-45D3-8B9B-1B0061BA55A6}
		{CEFEFB0A-846B-4150-A01A-84A08AB369BF} = {724DEBC1-67C3-45D3-8B9B-1B0061BA55A6}
	EndGlobalSection
	GlobalSection(ExtensibilityGlobals) = postSolution
		SolutionGuid = {B575D446-0ABB-4E9B-AA5C-B808CD00C202}
	EndGlobalSection
	GlobalSection(SharedMSBuildProjectFiles) = preSolution
		Reefact.DomainRequestBinder\Reefact.DomainRequestBinder.projitems*{0252ca54-d310-43cb-ac6e-8effd82c9082}*SharedItemsImports = 5
		Reefact.DomainRequestBinder\Reefact.DomainRequestBinder.projitems*{15b9a689-0aaa-44f1-84a2-2040efd6d4da}*SharedItemsImports = 4
		Reefact.DomainRequestBinder.UnitTests\Reefact.DomainRequestBinder.UnitTests.projitems*{78d9a7a7-4ae7-4147-b6c4-abd862ccfa64}*SharedItemsImports = 13
		Reefact.DomainRequestBinder\Reefact.DomainRequestBinder.projitems*{b37e0f4e-2ef3-41d0-bd50-205deaea92bc}*SharedItemsImports = 13
		Reefact.DomainRequestBinder.UnitTests\Reefact.DomainRequestBinder.UnitTests.projitems*{cefefb0a-846b-4150-a01a-84a08ab369bf}*SharedItemsImports = 5
	EndGlobalSection
EndGlobal
