
Microsoft Visual Studio Solution File, Format Version 12.00
# Visual Studio Version 17
VisualStudioVersion = 17.4.33205.214
MinimumVisualStudioVersion = 10.0.40219.1
Project("{2150E333-8FDC-42A3-9474-1A3956D46DE8}") = "Solution Items", "Solution Items", "{F9947909-6402-40CE-963A-FE4D6BF9F379}"
	ProjectSection(SolutionItems) = preProject
		.gitignore = .gitignore
		icon.ico = icon.ico
		icon.png = icon.png
		LICENSE = LICENSE
		README-DE.md = README-DE.md
		README-EN.md = README-EN.md
		README-ES.md = README-ES.md
		README-GR.md = README-GR.md
		README-NL.md = README-NL.md
		README-NO.md = README-NO.md
		README-SE.md = README-SE.md
		README.md = README.md
		Reefact.FluentRequestBinder.nuspec = Reefact.FluentRequestBinder.nuspec
	EndProjectSection
EndProject
Project("{2150E333-8FDC-42A3-9474-1A3956D46DE8}") = "Sources", "Sources", "{0AB29D76-7622-4705-BB92-F4794B1D2948}"
EndProject
Project("{2150E333-8FDC-42A3-9474-1A3956D46DE8}") = "Tests", "Tests", "{724DEBC1-67C3-45D3-8B9B-1B0061BA55A6}"
EndProject
Project("{FAE04EC0-301F-11D3-BF4B-00C04F79EFBC}") = "Reefact.FluentRequestBinder", "Reefact.FluentRequestBinder\Reefact.FluentRequestBinder.csproj", "{E1EA60E9-1679-4B55-BF42-FDA3C8D2E42D}"
EndProject
Project("{FAE04EC0-301F-11D3-BF4B-00C04F79EFBC}") = "Reefact.FluentRequestBinder.UnitTests", "Reefact.FluentRequestBinder.UnitTests\Reefact.FluentRequestBinder.UnitTests.csproj", "{AB4587CD-189A-4E90-9D3C-1CA21E39F85B}"
EndProject
Global
	GlobalSection(SolutionConfigurationPlatforms) = preSolution
		Debug|Any CPU = Debug|Any CPU
		Release|Any CPU = Release|Any CPU
	EndGlobalSection
	GlobalSection(ProjectConfigurationPlatforms) = postSolution
		{E1EA60E9-1679-4B55-BF42-FDA3C8D2E42D}.Debug|Any CPU.ActiveCfg = Debug|Any CPU
		{E1EA60E9-1679-4B55-BF42-FDA3C8D2E42D}.Debug|Any CPU.Build.0 = Debug|Any CPU
		{E1EA60E9-1679-4B55-BF42-FDA3C8D2E42D}.Release|Any CPU.ActiveCfg = Release|Any CPU
		{E1EA60E9-1679-4B55-BF42-FDA3C8D2E42D}.Release|Any CPU.Build.0 = Release|Any CPU
		{AB4587CD-189A-4E90-9D3C-1CA21E39F85B}.Debug|Any CPU.ActiveCfg = Debug|Any CPU
		{AB4587CD-189A-4E90-9D3C-1CA21E39F85B}.Debug|Any CPU.Build.0 = Debug|Any CPU
		{AB4587CD-189A-4E90-9D3C-1CA21E39F85B}.Release|Any CPU.ActiveCfg = Release|Any CPU
		{AB4587CD-189A-4E90-9D3C-1CA21E39F85B}.Release|Any CPU.Build.0 = Release|Any CPU
	EndGlobalSection
	GlobalSection(SolutionProperties) = preSolution
		HideSolutionNode = FALSE
	EndGlobalSection
	GlobalSection(NestedProjects) = preSolution
		{E1EA60E9-1679-4B55-BF42-FDA3C8D2E42D} = {0AB29D76-7622-4705-BB92-F4794B1D2948}
		{AB4587CD-189A-4E90-9D3C-1CA21E39F85B} = {724DEBC1-67C3-45D3-8B9B-1B0061BA55A6}
	EndGlobalSection
	GlobalSection(ExtensibilityGlobals) = postSolution
		SolutionGuid = {B575D446-0ABB-4E9B-AA5C-B808CD00C202}
	EndGlobalSection
EndGlobal
